# THIS IS AN AUTOGENERATED FILE. DO NOT EDIT THIS FILE DIRECTLY.
# yarn lockfile v1


"@bluelovers/tsconfig@^1.0.1":
  version "1.0.1"
  resolved "https://registry.yarnpkg.com/@bluelovers/tsconfig/-/tsconfig-1.0.1.tgz#c41d9ab89bb65af60daf902bd9cd20d924853fdc"
  integrity sha512-3XZtuK2Wnin2Q87h9GSVEZoob4xeSlx53coq/ZYBv7548sAGeZBmvVIcwhcG6pTVhElHrET1vddJNzG7y6IK+A==

"@types/ini@^1.3.30":
  version "1.3.30"
  resolved "https://registry.yarnpkg.com/@types/ini/-/ini-1.3.30.tgz#d1485459c9fad84e937414b832a2adb649eab379"
  integrity sha512-2+iF8zPSbpU83UKE+PNd4r/MhwNAdyGpk3H+VMgEH3EhjFZq1kouLgRoZrmIcmoGX97xFvqdS44DkICR5Nz3tQ==

"@types/node@^11.9.5":
  version "11.9.5"
  resolved "https://registry.yarnpkg.com/@types/node/-/node-11.9.5.tgz#011eece9d3f839a806b63973e228f85967b79ed3"
  integrity sha512-vVjM0SVzgaOUpflq4GYBvCpozes8OgIIS5gVXVka+OfK3hvnkC1i93U8WiY2OtNE4XUWyyy/86Kf6e0IHTQw1Q==

ini@^1.3.5:
  version "1.3.5"
  resolved "https://registry.yarnpkg.com/ini/-/ini-1.3.5.tgz#eee25f56db1c9ec6085e0c22778083f596abf927"
  integrity sha512-RZY5huIKCMRWDUqZlEi72f/lmXKMvuszcMBduliQ3nnWbx9X/ZBQO7DijMEYS9EhHBb2qacRUMtC7svLwe0lcw==

upath@^1.1.0:
  version "1.1.0"
  resolved "https://registry.yarnpkg.com/upath/-/upath-1.1.0.tgz#35256597e46a581db4793d0ce47fa9aebfc9fabd"
  integrity sha512-bzpH/oBhoS/QI/YtbkqCg6VEiPYjSZtrHQM6/QnJS6OL9pKUFLqb3aFh4Scvwm45+7iAgiMkLhSbaZxUqmrprw==
